# @generated - this file is auto-generated by `mise lock` https://mise.jdx.dev/dev-tools/mise-lock.html

[[tools.gh]]
version = "2.89.0"
backend = "aqua:cli/cli"

[tools.gh."platforms.linux-arm64"]
checksum = "sha256:9e64a623dfc242990aa5d9b3f507111149c4282f66b68eaad1dc79eeb13b9ce5"
url = "https://github.com/cli/cli/releases/download/v2.89.0/gh_2.89.0_linux_arm64.tar.gz"

[tools.gh."platforms.linux-arm64-musl"]
checksum = "sha256:9e64a623dfc242990aa5d9b3f507111149c4282f66b68eaad1dc79eeb13b9ce5"
url = "https://github.com/cli/cli/releases/download/v2.89.0/gh_2.89.0_linux_arm64.tar.gz"

[tools.gh."platforms.linux-x64"]
checksum = "sha256:d0422caade520530e76c1c558da47daebaa8e1203d6b7ff10ad7d6faba3490d8"
url = "https://github.com/cli/cli/releases/download/v2.89.0/gh_2.89.0_linux_amd64.tar.gz"

[tools.gh."platforms.linux-x64-musl"]
checksum = "sha256:d0422caade520530e76c1c558da47daebaa8e1203d6b7ff10ad7d6faba3490d8"
url = "https://github.com/cli/cli/releases/download/v2.89.0/gh_2.89.0_linux_amd64.tar.gz"

[tools.gh."platforms.macos-arm64"]
checksum = "sha256:2423d02ec0a2094898c378703a1b28a5846c08700f87461363857cb8cb3fda94"
url = "https://github.com/cli/cli/releases/download/v2.89.0/gh_2.89.0_macOS_arm64.zip"

[tools.gh."platforms.macos-x64"]
checksum = "sha256:862e21cac6a71f81e7cd6e5127e3cd344f8537441ad2db94cd208319dd17b6e9"
url = "https://github.com/cli/cli/releases/download/v2.89.0/gh_2.89.0_macOS_amd64.zip"

[tools.gh."platforms.windows-x64"]
checksum = "sha256:f3326f6406c98c99701b257d77e2b040eedf83d0176c2c2e9809aa339ceb467e"
url = "https://github.com/cli/cli/releases/download/v2.89.0/gh_2.89.0_windows_amd64.zip"

[[tools.grype]]
version = "0.110.0"
backend = "ubi:anchore/grype"

[[tools.syft]]
version = "1.42.3"
backend = "aqua:anchore/syft"

[tools.syft."platforms.linux-arm64"]
checksum = "sha256:dc630590c953347789d08f8ebf57c7d8094db89100785fcd94b1cddeac791804"
url = "https://github.com/anchore/syft/releases/download/v1.42.3/syft_1.42.3_linux_arm64.tar.gz"

[tools.syft."platforms.linux-arm64-musl"]
checksum = "sha256:dc630590c953347789d08f8ebf57c7d8094db89100785fcd94b1cddeac791804"
url = "https://github.com/anchore/syft/releases/download/v1.42.3/syft_1.42.3_linux_arm64.tar.gz"

[tools.syft."platforms.linux-x64"]
checksum = "sha256:0d6be741479eddd2c8644a288990c04f3df0d609bbc1599a005532a9dff63509"
url = "https://github.com/anchore/syft/releases/download/v1.42.3/syft_1.42.3_linux_amd64.tar.gz"

[tools.syft."platforms.linux-x64-musl"]
checksum = "sha256:0d6be741479eddd2c8644a288990c04f3df0d609bbc1599a005532a9dff63509"
url = "https://github.com/anchore/syft/releases/download/v1.42.3/syft_1.42.3_linux_amd64.tar.gz"

[tools.syft."platforms.macos-arm64"]
checksum = "sha256:d71ee7db2be0fe2e96f679fd9d69ef04274cc86c8604707797080a21070b3f32"
url = "https://github.com/anchore/syft/releases/download/v1.42.3/syft_1.42.3_darwin_arm64.tar.gz"

[tools.syft."platforms.macos-x64"]
checksum = "sha256:c00d01b7c43504708c8922d643d1cbaefa62ca8876baa4d2c2cf4c3be43707a9"
url = "https://github.com/anchore/syft/releases/download/v1.42.3/syft_1.42.3_darwin_amd64.tar.gz"

[tools.syft."platforms.windows-x64"]
checksum = "sha256:e1b9f4945aa64c2b34970bec617623d7f803d0661b48a50b966768b363322e2d"
url = "https://github.com/anchore/syft/releases/download/v1.42.3/syft_1.42.3_windows_amd64.zip"
