# @generated - this file is auto-generated by `mise lock` https://mise.en.dev/dev-tools/mise-lock.html

[[tools.gh]]
version = "2.90.0"
backend = "aqua:cli/cli"

[tools.gh."platforms.linux-arm64"]
checksum = "sha256:1139e1ad912fcddb5ef4b957530184c2c30d9937ff65ff4e641fbf6ca5f28c7c"
url = "https://github.com/cli/cli/releases/download/v2.90.0/gh_2.90.0_linux_arm64.tar.gz"
provenance = "github-attestations"

[tools.gh."platforms.linux-arm64-musl"]
checksum = "sha256:1139e1ad912fcddb5ef4b957530184c2c30d9937ff65ff4e641fbf6ca5f28c7c"
url = "https://github.com/cli/cli/releases/download/v2.90.0/gh_2.90.0_linux_arm64.tar.gz"
provenance = "github-attestations"

[tools.gh."platforms.linux-x64"]
checksum = "sha256:b2aef7b23ec6899bf27f37a32c57a7935d0a178568ac33dc9bb03842f724195a"
url = "https://github.com/cli/cli/releases/download/v2.90.0/gh_2.90.0_linux_amd64.tar.gz"
provenance = "github-attestations"

[tools.gh."platforms.linux-x64-musl"]
checksum = "sha256:b2aef7b23ec6899bf27f37a32c57a7935d0a178568ac33dc9bb03842f724195a"
url = "https://github.com/cli/cli/releases/download/v2.90.0/gh_2.90.0_linux_amd64.tar.gz"
provenance = "github-attestations"

[tools.gh."platforms.macos-arm64"]
checksum = "sha256:82a6acdc3f445dc316b70e1bc15b9b7c4b4e26fd30b04de461a7829ad6c6e97f"
url = "https://github.com/cli/cli/releases/download/v2.90.0/gh_2.90.0_macOS_arm64.zip"
provenance = "github-attestations"

[tools.gh."platforms.macos-x64"]
checksum = "sha256:e44d23dd5f0f8534d7a9989177f2c60ac8ffbcdfc6a0a6e5d1f23c4a3b83a9e0"
url = "https://github.com/cli/cli/releases/download/v2.90.0/gh_2.90.0_macOS_amd64.zip"
provenance = "github-attestations"

[tools.gh."platforms.windows-x64"]
checksum = "sha256:73fcae688eb64ae67828536c9be90db1e5be3f11691a6fa1c1e5418fd24ee10b"
url = "https://github.com/cli/cli/releases/download/v2.90.0/gh_2.90.0_windows_amd64.zip"
provenance = "github-attestations"

[[tools.grype]]
version = "0.110.0"
backend = "ubi:anchore/grype"

[[tools.syft]]
version = "1.42.3"
backend = "aqua:anchore/syft"

[tools.syft."platforms.linux-arm64"]
checksum = "sha256:dc630590c953347789d08f8ebf57c7d8094db89100785fcd94b1cddeac791804"
url = "https://github.com/anchore/syft/releases/download/v1.42.3/syft_1.42.3_linux_arm64.tar.gz"

[tools.syft."platforms.linux-arm64-musl"]
checksum = "sha256:dc630590c953347789d08f8ebf57c7d8094db89100785fcd94b1cddeac791804"
url = "https://github.com/anchore/syft/releases/download/v1.42.3/syft_1.42.3_linux_arm64.tar.gz"

[tools.syft."platforms.linux-x64"]
checksum = "sha256:0d6be741479eddd2c8644a288990c04f3df0d609bbc1599a005532a9dff63509"
url = "https://github.com/anchore/syft/releases/download/v1.42.3/syft_1.42.3_linux_amd64.tar.gz"

[tools.syft."platforms.linux-x64-musl"]
checksum = "sha256:0d6be741479eddd2c8644a288990c04f3df0d609bbc1599a005532a9dff63509"
url = "https://github.com/anchore/syft/releases/download/v1.42.3/syft_1.42.3_linux_amd64.tar.gz"

[tools.syft."platforms.macos-arm64"]
checksum = "sha256:d71ee7db2be0fe2e96f679fd9d69ef04274cc86c8604707797080a21070b3f32"
url = "https://github.com/anchore/syft/releases/download/v1.42.3/syft_1.42.3_darwin_arm64.tar.gz"

[tools.syft."platforms.macos-x64"]
checksum = "sha256:c00d01b7c43504708c8922d643d1cbaefa62ca8876baa4d2c2cf4c3be43707a9"
url = "https://github.com/anchore/syft/releases/download/v1.42.3/syft_1.42.3_darwin_amd64.tar.gz"

[tools.syft."platforms.windows-x64"]
checksum = "sha256:e1b9f4945aa64c2b34970bec617623d7f803d0661b48a50b966768b363322e2d"
url = "https://github.com/anchore/syft/releases/download/v1.42.3/syft_1.42.3_windows_amd64.zip"
